
Microsoft Visual Studio Solution File, Format Version 12.00
# Visual Studio Version 17
VisualStudioVersion = 17.11.35222.181
MinimumVisualStudioVersion = 10.0.40219.1
Project("{FAE04EC0-301F-11D3-BF4B-00C04F79EFBC}") = "PizzaPlastica.OrderingSystem", "PizzaPlastica.OrderingSystem\PizzaPlastica.OrderingSystem.csproj", "{4ED66C22-3497-4C2F-A11D-B7DAE215B6A1}"
EndProject
Project("{FAE04EC0-301F-11D3-BF4B-00C04F79EFBC}") = "PizzaPlastica.OrderingSystem.Abstractions", "PizzaPlastica.OrderingSystem.Abstractions\PizzaPlastica.OrderingSystem.Abstractions.csproj", "{09DF864C-D626-4AA0-B648-76B7D1323F42}"
EndProject
Global
	GlobalSection(SolutionConfigurationPlatforms) = preSolution
		Debug|Any CPU = Debug|Any CPU
		Release|Any CPU = Release|Any CPU
	EndGlobalSection
	GlobalSection(ProjectConfigurationPlatforms) = postSolution
		{4ED66C22-3497-4C2F-A11D-B7DAE215B6A1}.Debug|Any CPU.ActiveCfg = Debug|Any CPU
		{4ED66C22-3497-4C2F-A11D-B7DAE215B6A1}.Debug|Any CPU.Build.0 = Debug|Any CPU
		{4ED66C22-3497-4C2F-A11D-B7DAE215B6A1}.Release|Any CPU.ActiveCfg = Release|Any CPU
		{4ED66C22-3497-4C2F-A11D-B7DAE215B6A1}.Release|Any CPU.Build.0 = Release|Any CPU
		{09DF864C-D626-4AA0-B648-76B7D1323F42}.Debug|Any CPU.ActiveCfg = Debug|Any CPU
		{09DF864C-D626-4AA0-B648-76B7D1323F42}.Debug|Any CPU.Build.0 = Debug|Any CPU
		{09DF864C-D626-4AA0-B648-76B7D1323F42}.Release|Any CPU.ActiveCfg = Release|Any CPU
		{09DF864C-D626-4AA0-B648-76B7D1323F42}.Release|Any CPU.Build.0 = Release|Any CPU
	EndGlobalSection
	GlobalSection(SolutionProperties) = preSolution
		HideSolutionNode = FALSE
	EndGlobalSection
	GlobalSection(ExtensibilityGlobals) = postSolution
		SolutionGuid = {36FF75F9-9485-4D77-81DC-EAF61986E18A}
	EndGlobalSection
EndGlobal
